# THIS IS AN AUTOGENERATED FILE. DO NOT EDIT THIS FILE DIRECTLY.
# yarn lockfile v1


jsencrypt@^3.2.1:
  version "3.2.1"
  resolved "https://registry.npmmirror.com/jsencrypt/-/jsencrypt-3.2.1.tgz#09766983cc760088ff26b12fe7e574252af97727"
  integrity sha512-k1sD5QV0KPn+D8uG9AdGzTQuamt82QZ3A3l6f7TRwMU6Oi2Vg0BsL+wZIQBONcraO1pc78ExMdvmBBJ8WhNYUA==
